
Microsoft Visual Studio Solution File, Format Version 12.00
# Visual Studio 14
VisualStudioVersion = 14.0.25420.1
MinimumVisualStudioVersion = 10.0.40219.1
Project("{2150E333-8FDC-42A3-9474-1A3956D46DE8}") = "00 Lib", "00 Lib", "{8F07EEB3-DBEE-403F-9565-23B274210887}"
EndProject
Project("{2150E333-8FDC-42A3-9474-1A3956D46DE8}") = "01 Project", "01 Project", "{FB5A9DA2-B2B4-4EF3-8042-1363560E75CE}"
EndProject
Project("{2150E333-8FDC-42A3-9474-1A3956D46DE8}") = "02 Test", "02 Test", "{5E06BBC3-5529-4337-BAE6-824BB65FCF8B}"
EndProject
Project("{2150E333-8FDC-42A3-9474-1A3956D46DE8}") = "00 Common", "00 Common", "{7E4E7A54-B08C-4B56-BD88-97B760C51144}"
EndProject
Project("{2150E333-8FDC-42A3-9474-1A3956D46DE8}") = "01 Db", "01 Db", "{9B166D7F-71A8-476B-BF4C-453F5922029A}"
EndProject
Project("{2150E333-8FDC-42A3-9474-1A3956D46DE8}") = "02 Service", "02 Service", "{AB5BB9A6-BC8A-4560-A7B3-040A7F9F716E}"
EndProject
Project("{FAE04EC0-301F-11D3-BF4B-00C04F79EFBC}") = "Common", "Common\Common.csproj", "{21AEECDB-3F06-4E66-9322-AC796148A0D2}"
EndProject
Project("{FAE04EC0-301F-11D3-BF4B-00C04F79EFBC}") = "ValidationCodeHelper", "ValidationCodeHelper\ValidationCodeHelper.csproj", "{1FB6D1A1-30E8-409C-8405-8B9270CA2D84}"
EndProject
Project("{FAE04EC0-301F-11D3-BF4B-00C04F79EFBC}") = "DemoBackStage.Web", "DemoBackStage.Web\DemoBackStage.Web.csproj", "{A46E8707-F5F1-449B-B620-8BC3E3E324D7}"
EndProject
Project("{FAE04EC0-301F-11D3-BF4B-00C04F79EFBC}") = "DemoBackStage.Entity", "DemoBackStage.Entity\DemoBackStage.Entity.csproj", "{585DC6F9-356A-4821-9F0C-8742094DCFAB}"
EndProject
Project("{FAE04EC0-301F-11D3-BF4B-00C04F79EFBC}") = "DemoBackStage.View", "DemoBackStage.View\DemoBackStage.View.csproj", "{1480D461-F613-44C6-8B88-0C3E0F7D3BD3}"
EndProject
Project("{2150E333-8FDC-42A3-9474-1A3956D46DE8}") = "00 Def", "00 Def", "{E01E904A-9710-484C-81A8-9669581721FF}"
EndProject
Project("{2150E333-8FDC-42A3-9474-1A3956D46DE8}") = "01 Repository", "01 Repository", "{97B2E91A-F2D7-4204-A871-067880D3F7E9}"
EndProject
Project("{FAE04EC0-301F-11D3-BF4B-00C04F79EFBC}") = "AutoFacUtils", "AutoFacUtils\AutoFacUtils.csproj", "{1B3887DE-52B3-4950-A5E4-38A1A0C33A0B}"
EndProject
Project("{FAE04EC0-301F-11D3-BF4B-00C04F79EFBC}") = "DemoBackStage.IRepository", "DemoBackStage.IRepository\DemoBackStage.IRepository.csproj", "{4690972C-F8B4-4B63-A7A6-3ADEEA4E4DA3}"
EndProject
Project("{FAE04EC0-301F-11D3-BF4B-00C04F79EFBC}") = "DemoBackStage.Repository", "DemoBackStage.Repository\DemoBackStage.Repository.csproj", "{54A1CCA5-91B2-44EC-8B5E-FD27E6CBDB8B}"
EndProject
Project("{FAE04EC0-301F-11D3-BF4B-00C04F79EFBC}") = "DemoBackStage.DAL", "DemoBackStage.DAL\DemoBackStage.DAL.csproj", "{D2281C8B-69EA-4DDE-8172-CFAA0EDAC678}"
EndProject
Project("{FAE04EC0-301F-11D3-BF4B-00C04F79EFBC}") = "DemoBackStage.Web.IService", "DemoBackStage.Web.IService\DemoBackStage.Web.IService.csproj", "{11F1E666-26D4-44FD-94E2-246FAD73E232}"
EndProject
Project("{FAE04EC0-301F-11D3-BF4B-00C04F79EFBC}") = "DemoBackStage.Web.Service", "DemoBackStage.Web.Service\DemoBackStage.Web.Service.csproj", "{AD532A2C-C805-46FE-B819-1A0330EF77E3}"
EndProject
Project("{2150E333-8FDC-42A3-9474-1A3956D46DE8}") = "03 Def", "03 Def", "{1C1FFCA8-CF52-4982-BFFA-F27C87FE787A}"
EndProject
Project("{FAE04EC0-301F-11D3-BF4B-00C04F79EFBC}") = "DemoBackStage.Def", "DemoBackStage.Def\DemoBackStage.Def.csproj", "{182E9698-778F-498C-9CD3-16BA448B9B72}"
EndProject
Project("{FAE04EC0-301F-11D3-BF4B-00C04F79EFBC}") = "ServiceStack.Redis.Utils", "ServiceStack.Redis.Utils\ServiceStack.Redis.Utils.csproj", "{D09D4704-7C1E-42D6-B422-75AACB4E9C54}"
EndProject
Project("{2150E333-8FDC-42A3-9474-1A3956D46DE8}") = "04 Redis", "04 Redis", "{88EBAAA1-60F9-4383-81D5-9AE70E5FEB15}"
EndProject
Project("{FAE04EC0-301F-11D3-BF4B-00C04F79EFBC}") = "DemoBackStage.Redis", "DemoBackStage.Redis\DemoBackStage.Redis.csproj", "{8F3220E1-F3F1-4905-8DE8-2D3AB48022A9}"
EndProject
Project("{FAE04EC0-301F-11D3-BF4B-00C04F79EFBC}") = "ValidationCode1", "ValidationCode1\ValidationCode1.csproj", "{95057C7C-EC3C-433E-96B6-EA903C2B9726}"
EndProject
Global
	GlobalSection(SolutionConfigurationPlatforms) = preSolution
		Debug|Any CPU = Debug|Any CPU
		Release|Any CPU = Release|Any CPU
	EndGlobalSection
	GlobalSection(ProjectConfigurationPlatforms) = postSolution
		{21AEECDB-3F06-4E66-9322-AC796148A0D2}.Debug|Any CPU.ActiveCfg = Debug|Any CPU
		{21AEECDB-3F06-4E66-9322-AC796148A0D2}.Debug|Any CPU.Build.0 = Debug|Any CPU
		{21AEECDB-3F06-4E66-9322-AC796148A0D2}.Release|Any CPU.ActiveCfg = Release|Any CPU
		{21AEECDB-3F06-4E66-9322-AC796148A0D2}.Release|Any CPU.Build.0 = Release|Any CPU
		{1FB6D1A1-30E8-409C-8405-8B9270CA2D84}.Debug|Any CPU.ActiveCfg = Debug|Any CPU
		{1FB6D1A1-30E8-409C-8405-8B9270CA2D84}.Debug|Any CPU.Build.0 = Debug|Any CPU
		{1FB6D1A1-30E8-409C-8405-8B9270CA2D84}.Release|Any CPU.ActiveCfg = Release|Any CPU
		{1FB6D1A1-30E8-409C-8405-8B9270CA2D84}.Release|Any CPU.Build.0 = Release|Any CPU
		{A46E8707-F5F1-449B-B620-8BC3E3E324D7}.Debug|Any CPU.ActiveCfg = Debug|Any CPU
		{A46E8707-F5F1-449B-B620-8BC3E3E324D7}.Debug|Any CPU.Build.0 = Debug|Any CPU
		{A46E8707-F5F1-449B-B620-8BC3E3E324D7}.Release|Any CPU.ActiveCfg = Release|Any CPU
		{A46E8707-F5F1-449B-B620-8BC3E3E324D7}.Release|Any CPU.Build.0 = Release|Any CPU
		{585DC6F9-356A-4821-9F0C-8742094DCFAB}.Debug|Any CPU.ActiveCfg = Debug|Any CPU
		{585DC6F9-356A-4821-9F0C-8742094DCFAB}.Debug|Any CPU.Build.0 = Debug|Any CPU
		{585DC6F9-356A-4821-9F0C-8742094DCFAB}.Release|Any CPU.ActiveCfg = Release|Any CPU
		{585DC6F9-356A-4821-9F0C-8742094DCFAB}.Release|Any CPU.Build.0 = Release|Any CPU
		{1480D461-F613-44C6-8B88-0C3E0F7D3BD3}.Debug|Any CPU.ActiveCfg = Debug|Any CPU
		{1480D461-F613-44C6-8B88-0C3E0F7D3BD3}.Debug|Any CPU.Build.0 = Debug|Any CPU
		{1480D461-F613-44C6-8B88-0C3E0F7D3BD3}.Release|Any CPU.ActiveCfg = Release|Any CPU
		{1480D461-F613-44C6-8B88-0C3E0F7D3BD3}.Release|Any CPU.Build.0 = Release|Any CPU
		{1B3887DE-52B3-4950-A5E4-38A1A0C33A0B}.Debug|Any CPU.ActiveCfg = Debug|Any CPU
		{1B3887DE-52B3-4950-A5E4-38A1A0C33A0B}.Debug|Any CPU.Build.0 = Debug|Any CPU
		{1B3887DE-52B3-4950-A5E4-38A1A0C33A0B}.Release|Any CPU.ActiveCfg = Release|Any CPU
		{1B3887DE-52B3-4950-A5E4-38A1A0C33A0B}.Release|Any CPU.Build.0 = Release|Any CPU
		{4690972C-F8B4-4B63-A7A6-3ADEEA4E4DA3}.Debug|Any CPU.ActiveCfg = Debug|Any CPU
		{4690972C-F8B4-4B63-A7A6-3ADEEA4E4DA3}.Debug|Any CPU.Build.0 = Debug|Any CPU
		{4690972C-F8B4-4B63-A7A6-3ADEEA4E4DA3}.Release|Any CPU.ActiveCfg = Release|Any CPU
		{4690972C-F8B4-4B63-A7A6-3ADEEA4E4DA3}.Release|Any CPU.Build.0 = Release|Any CPU
		{54A1CCA5-91B2-44EC-8B5E-FD27E6CBDB8B}.Debug|Any CPU.ActiveCfg = Debug|Any CPU
		{54A1CCA5-91B2-44EC-8B5E-FD27E6CBDB8B}.Debug|Any CPU.Build.0 = Debug|Any CPU
		{54A1CCA5-91B2-44EC-8B5E-FD27E6CBDB8B}.Release|Any CPU.ActiveCfg = Release|Any CPU
		{54A1CCA5-91B2-44EC-8B5E-FD27E6CBDB8B}.Release|Any CPU.Build.0 = Release|Any CPU
		{D2281C8B-69EA-4DDE-8172-CFAA0EDAC678}.Debug|Any CPU.ActiveCfg = Debug|Any CPU
		{D2281C8B-69EA-4DDE-8172-CFAA0EDAC678}.Debug|Any CPU.Build.0 = Debug|Any CPU
		{D2281C8B-69EA-4DDE-8172-CFAA0EDAC678}.Release|Any CPU.ActiveCfg = Release|Any CPU
		{D2281C8B-69EA-4DDE-8172-CFAA0EDAC678}.Release|Any CPU.Build.0 = Release|Any CPU
		{11F1E666-26D4-44FD-94E2-246FAD73E232}.Debug|Any CPU.ActiveCfg = Debug|Any CPU
		{11F1E666-26D4-44FD-94E2-246FAD73E232}.Debug|Any CPU.Build.0 = Debug|Any CPU
		{11F1E666-26D4-44FD-94E2-246FAD73E232}.Release|Any CPU.ActiveCfg = Release|Any CPU
		{11F1E666-26D4-44FD-94E2-246FAD73E232}.Release|Any CPU.Build.0 = Release|Any CPU
		{AD532A2C-C805-46FE-B819-1A0330EF77E3}.Debug|Any CPU.ActiveCfg = Debug|Any CPU
		{AD532A2C-C805-46FE-B819-1A0330EF77E3}.Debug|Any CPU.Build.0 = Debug|Any CPU
		{AD532A2C-C805-46FE-B819-1A0330EF77E3}.Release|Any CPU.ActiveCfg = Release|Any CPU
		{AD532A2C-C805-46FE-B819-1A0330EF77E3}.Release|Any CPU.Build.0 = Release|Any CPU
		{182E9698-778F-498C-9CD3-16BA448B9B72}.Debug|Any CPU.ActiveCfg = Debug|Any CPU
		{182E9698-778F-498C-9CD3-16BA448B9B72}.Debug|Any CPU.Build.0 = Debug|Any CPU
		{182E9698-778F-498C-9CD3-16BA448B9B72}.Release|Any CPU.ActiveCfg = Release|Any CPU
		{182E9698-778F-498C-9CD3-16BA448B9B72}.Release|Any CPU.Build.0 = Release|Any CPU
		{D09D4704-7C1E-42D6-B422-75AACB4E9C54}.Debug|Any CPU.ActiveCfg = Debug|Any CPU
		{D09D4704-7C1E-42D6-B422-75AACB4E9C54}.Debug|Any CPU.Build.0 = Debug|Any CPU
		{D09D4704-7C1E-42D6-B422-75AACB4E9C54}.Release|Any CPU.ActiveCfg = Release|Any CPU
		{D09D4704-7C1E-42D6-B422-75AACB4E9C54}.Release|Any CPU.Build.0 = Release|Any CPU
		{8F3220E1-F3F1-4905-8DE8-2D3AB48022A9}.Debug|Any CPU.ActiveCfg = Debug|Any CPU
		{8F3220E1-F3F1-4905-8DE8-2D3AB48022A9}.Debug|Any CPU.Build.0 = Debug|Any CPU
		{8F3220E1-F3F1-4905-8DE8-2D3AB48022A9}.Release|Any CPU.ActiveCfg = Release|Any CPU
		{8F3220E1-F3F1-4905-8DE8-2D3AB48022A9}.Release|Any CPU.Build.0 = Release|Any CPU
		{95057C7C-EC3C-433E-96B6-EA903C2B9726}.Debug|Any CPU.ActiveCfg = Debug|Any CPU
		{95057C7C-EC3C-433E-96B6-EA903C2B9726}.Debug|Any CPU.Build.0 = Debug|Any CPU
		{95057C7C-EC3C-433E-96B6-EA903C2B9726}.Release|Any CPU.ActiveCfg = Release|Any CPU
		{95057C7C-EC3C-433E-96B6-EA903C2B9726}.Release|Any CPU.Build.0 = Release|Any CPU
	EndGlobalSection
	GlobalSection(SolutionProperties) = preSolution
		HideSolutionNode = FALSE
	EndGlobalSection
	GlobalSection(NestedProjects) = preSolution
		{7E4E7A54-B08C-4B56-BD88-97B760C51144} = {8F07EEB3-DBEE-403F-9565-23B274210887}
		{9B166D7F-71A8-476B-BF4C-453F5922029A} = {8F07EEB3-DBEE-403F-9565-23B274210887}
		{AB5BB9A6-BC8A-4560-A7B3-040A7F9F716E} = {8F07EEB3-DBEE-403F-9565-23B274210887}
		{21AEECDB-3F06-4E66-9322-AC796148A0D2} = {7E4E7A54-B08C-4B56-BD88-97B760C51144}
		{1FB6D1A1-30E8-409C-8405-8B9270CA2D84} = {7E4E7A54-B08C-4B56-BD88-97B760C51144}
		{A46E8707-F5F1-449B-B620-8BC3E3E324D7} = {FB5A9DA2-B2B4-4EF3-8042-1363560E75CE}
		{585DC6F9-356A-4821-9F0C-8742094DCFAB} = {E01E904A-9710-484C-81A8-9669581721FF}
		{1480D461-F613-44C6-8B88-0C3E0F7D3BD3} = {E01E904A-9710-484C-81A8-9669581721FF}
		{E01E904A-9710-484C-81A8-9669581721FF} = {9B166D7F-71A8-476B-BF4C-453F5922029A}
		{97B2E91A-F2D7-4204-A871-067880D3F7E9} = {9B166D7F-71A8-476B-BF4C-453F5922029A}
		{1B3887DE-52B3-4950-A5E4-38A1A0C33A0B} = {7E4E7A54-B08C-4B56-BD88-97B760C51144}
		{4690972C-F8B4-4B63-A7A6-3ADEEA4E4DA3} = {97B2E91A-F2D7-4204-A871-067880D3F7E9}
		{54A1CCA5-91B2-44EC-8B5E-FD27E6CBDB8B} = {97B2E91A-F2D7-4204-A871-067880D3F7E9}
		{D2281C8B-69EA-4DDE-8172-CFAA0EDAC678} = {9B166D7F-71A8-476B-BF4C-453F5922029A}
		{11F1E666-26D4-44FD-94E2-246FAD73E232} = {AB5BB9A6-BC8A-4560-A7B3-040A7F9F716E}
		{AD532A2C-C805-46FE-B819-1A0330EF77E3} = {AB5BB9A6-BC8A-4560-A7B3-040A7F9F716E}
		{1C1FFCA8-CF52-4982-BFFA-F27C87FE787A} = {8F07EEB3-DBEE-403F-9565-23B274210887}
		{182E9698-778F-498C-9CD3-16BA448B9B72} = {1C1FFCA8-CF52-4982-BFFA-F27C87FE787A}
		{D09D4704-7C1E-42D6-B422-75AACB4E9C54} = {7E4E7A54-B08C-4B56-BD88-97B760C51144}
		{88EBAAA1-60F9-4383-81D5-9AE70E5FEB15} = {8F07EEB3-DBEE-403F-9565-23B274210887}
		{8F3220E1-F3F1-4905-8DE8-2D3AB48022A9} = {88EBAAA1-60F9-4383-81D5-9AE70E5FEB15}
		{95057C7C-EC3C-433E-96B6-EA903C2B9726} = {7E4E7A54-B08C-4B56-BD88-97B760C51144}
	EndGlobalSection
EndGlobal
